
Microsoft Visual Studio Solution File, Format Version 12.00
# Visual Studio 15
VisualStudioVersion = 15.0.26228.10
MinimumVisualStudioVersion = 10.0.40219.1
Project("{FAE04EC0-301F-11D3-BF4B-00C04F79EFBC}") = "Contoso.Template", "Contoso.Template\Contoso.Template.csproj", "{2233F052-BB15-447E-B5B5-37EC7A2204E8}"
EndProject
Project("{FAE04EC0-301F-11D3-BF4B-00C04F79EFBC}") = "Contoso.Web.Template", "Contoso.Web.Template\Contoso.Web.Template.csproj", "{F414ADAC-0FBE-440E-B1FF-E7401DF9E5B2}"
EndProject
Project("{FAE04EC0-301F-11D3-BF4B-00C04F79EFBC}") = "Contoso.Wizard", "Contoso.Wizard\Contoso.Wizard.csproj", "{C3B22CCF-3FBA-494E-8ACE-F41FE49D5758}"
EndProject
Global
	GlobalSection(SolutionConfigurationPlatforms) = preSolution
		Debug|Any CPU = Debug|Any CPU
		Release|Any CPU = Release|Any CPU
	EndGlobalSection
	GlobalSection(ProjectConfigurationPlatforms) = postSolution
		{2233F052-BB15-447E-B5B5-37EC7A2204E8}.Debug|Any CPU.ActiveCfg = Debug|Any CPU
		{2233F052-BB15-447E-B5B5-37EC7A2204E8}.Debug|Any CPU.Build.0 = Debug|Any CPU
		{2233F052-BB15-447E-B5B5-37EC7A2204E8}.Release|Any CPU.ActiveCfg = Release|Any CPU
		{2233F052-BB15-447E-B5B5-37EC7A2204E8}.Release|Any CPU.Build.0 = Release|Any CPU
		{F414ADAC-0FBE-440E-B1FF-E7401DF9E5B2}.Debug|Any CPU.ActiveCfg = Debug|Any CPU
		{F414ADAC-0FBE-440E-B1FF-E7401DF9E5B2}.Debug|Any CPU.Build.0 = Debug|Any CPU
		{F414ADAC-0FBE-440E-B1FF-E7401DF9E5B2}.Release|Any CPU.ActiveCfg = Release|Any CPU
		{F414ADAC-0FBE-440E-B1FF-E7401DF9E5B2}.Release|Any CPU.Build.0 = Release|Any CPU
		{C3B22CCF-3FBA-494E-8ACE-F41FE49D5758}.Debug|Any CPU.ActiveCfg = Debug|Any CPU
		{C3B22CCF-3FBA-494E-8ACE-F41FE49D5758}.Debug|Any CPU.Build.0 = Debug|Any CPU
		{C3B22CCF-3FBA-494E-8ACE-F41FE49D5758}.Release|Any CPU.ActiveCfg = Release|Any CPU
		{C3B22CCF-3FBA-494E-8ACE-F41FE49D5758}.Release|Any CPU.Build.0 = Release|Any CPU
	EndGlobalSection
	GlobalSection(SolutionProperties) = preSolution
		HideSolutionNode = FALSE
	EndGlobalSection
EndGlobal
